{
  "nodes": {
    "nixpkgs": {
      "locked": {
        "lastModified": 1763312402,
        "narHash": "sha256-3YJkOBrFpmcusnh7i8GXXEyh7qZG/8F5z5+717550Hk=",
        "owner": "NixOS",
        "repo": "nixpkgs",
        "rev": "85a6c4a07faa12aaccd81b36ba9bfc2bec974fa1",
        "type": "github"
      },
      "original": {
        "owner": "NixOS",
        "ref": "nixpkgs-unstable",
        "repo": "nixpkgs",
        "type": "github"
      }
    },
    "root": {
      "inputs": {
        "nixpkgs": "nixpkgs",
        "ulfius": "ulfius"
      }
    },
    "ulfius": {
      "flake": false,
      "locked": {
        "lastModified": 1723116219,
        "narHash": "sha256-UKRFW98SZhISoVvXjf63coPuvK9Iv5mu40rVEhxRiw8=",
        "ref": "refs/heads/master",
        "rev": "3fd9d8d39a7ea2fe86234246526b65b40bea9322",
        "revCount": 1362,
        "type": "git",
        "url": "https://github.com/babelouest/ulfius"
      },
      "original": {
        "type": "git",
        "url": "https://github.com/babelouest/ulfius"
      }
    }
  },
  "root": "root",
  "version": 7
}
